
Microsoft Visual Studio Solution File, Format Version 12.00
# Visual Studio Version 16
VisualStudioVersion = 16.0.30523.141
MinimumVisualStudioVersion = 10.0.40219.1
Project("{9A19103F-16F7-4668-BE54-9A1E7A4F7556}") = "DataSender", "DataSender.csproj", "{F3CE7E05-4653-47DD-971A-291E23904ACB}"
EndProject
Global
	GlobalSection(SolutionConfigurationPlatforms) = preSolution
		Debug|Any CPU = Debug|Any CPU
		Release|Any CPU = Release|Any CPU
	EndGlobalSection
	GlobalSection(ProjectConfigurationPlatforms) = postSolution
		{F3CE7E05-4653-47DD-971A-291E23904ACB}.Debug|Any CPU.ActiveCfg = Debug|Any CPU
		{F3CE7E05-4653-47DD-971A-291E23904ACB}.Debug|Any CPU.Build.0 = Debug|Any CPU
		{F3CE7E05-4653-47DD-971A-291E23904ACB}.Release|Any CPU.ActiveCfg = Release|Any CPU
		{F3CE7E05-4653-47DD-971A-291E23904ACB}.Release|Any CPU.Build.0 = Release|Any CPU
	EndGlobalSection
	GlobalSection(SolutionProperties) = preSolution
		HideSolutionNode = FALSE
	EndGlobalSection
	GlobalSection(ExtensibilityGlobals) = postSolution
		SolutionGuid = {3C9D60D1-F987-4485-988F-C0755A23DAC8}
	EndGlobalSection
EndGlobal
